
Microsoft Visual Studio Solution File, Format Version 12.00
# Visual Studio Version 16
VisualStudioVersion = 16.0.30907.101
MinimumVisualStudioVersion = 10.0.40219.1
Project("{FAE04EC0-301F-11D3-BF4B-00C04F79EFBC}") = "MathOperator", "MathOperator\MathOperator.csproj", "{5BCB1E8B-C17A-4667-B5FC-F6A6E8897F39}"
EndProject
Global
	GlobalSection(SolutionConfigurationPlatforms) = preSolution
		Debug|Any CPU = Debug|Any CPU
		Release|Any CPU = Release|Any CPU
	EndGlobalSection
	GlobalSection(ProjectConfigurationPlatforms) = postSolution
		{5BCB1E8B-C17A-4667-B5FC-F6A6E8897F39}.Debug|Any CPU.ActiveCfg = Debug|Any CPU
		{5BCB1E8B-C17A-4667-B5FC-F6A6E8897F39}.Debug|Any CPU.Build.0 = Debug|Any CPU
		{5BCB1E8B-C17A-4667-B5FC-F6A6E8897F39}.Release|Any CPU.ActiveCfg = Release|Any CPU
		{5BCB1E8B-C17A-4667-B5FC-F6A6E8897F39}.Release|Any CPU.Build.0 = Release|Any CPU
	EndGlobalSection
	GlobalSection(SolutionProperties) = preSolution
		HideSolutionNode = FALSE
	EndGlobalSection
	GlobalSection(ExtensibilityGlobals) = postSolution
		SolutionGuid = {B6FCCF78-829F-4958-BABA-C56776A392F9}
	EndGlobalSection
EndGlobal
